Microsoft Visual Studio Solution File, Format Version 12.00
# Visual Studio Version 17
VisualStudioVersion = 17.5.2.0
MinimumVisualStudioVersion = 10.0.40219.1
Project("{FAE04EC0-301F-11D3-BF4B-00C04F79EFBC}") = "BitirmeProjem", "BitirmeProjem.csproj", "{BDE6473B-98DA-4ADC-2F05-7630BD268F1E}"
EndProject
Global
	GlobalSection(SolutionConfigurationPlatforms) = preSolution
		Debug|Any CPU = Debug|Any CPU
		Release|Any CPU = Release|Any CPU
	EndGlobalSection
	GlobalSection(ProjectConfigurationPlatforms) = postSolution
		{BDE6473B-98DA-4ADC-2F05-7630BD268F1E}.Debug|Any CPU.ActiveCfg = Debug|Any CPU
		{BDE6473B-98DA-4ADC-2F05-7630BD268F1E}.Debug|Any CPU.Build.0 = Debug|Any CPU
		{BDE6473B-98DA-4ADC-2F05-7630BD268F1E}.Release|Any CPU.ActiveCfg = Release|Any CPU
		{BDE6473B-98DA-4ADC-2F05-7630BD268F1E}.Release|Any CPU.Build.0 = Release|Any CPU
	EndGlobalSection
	GlobalSection(SolutionProperties) = preSolution
		HideSolutionNode = FALSE
	EndGlobalSection
	GlobalSection(ExtensibilityGlobals) = postSolution
		SolutionGuid = {E278F69A-7E7A-4A11-9564-B899B564B0A8}
	EndGlobalSection
EndGlobal
